
Microsoft Visual Studio Solution File, Format Version 12.00
# Visual Studio Version 17
VisualStudioVersion = 17.0.31912.275
MinimumVisualStudioVersion = 10.0.40219.1
Project("{FAE04EC0-301F-11D3-BF4B-00C04F79EFBC}") = "GD.API", "GD.API\GD.API.csproj", "{C759AD54-3576-44B9-A0AB-1CA2ADFFE435}"
EndProject
Project("{9A19103F-16F7-4668-BE54-9A1E7A4F7556}") = "GD.SDK", "GD.SDK\GD.SDK.csproj", "{391940AA-71A3-45DB-BD91-2088646CE896}"
EndProject
Project("{9A19103F-16F7-4668-BE54-9A1E7A4F7556}") = "GD.Entity", "GD.Entity\GD.Entity.csproj", "{DF9F5F2A-3511-4375-81C0-4C82DC8B82EB}"
EndProject
Project("{9A19103F-16F7-4668-BE54-9A1E7A4F7556}") = "GD.Conventions", "GD.Conventions\GD.Conventions.csproj", "{76C07B94-A323-4566-B931-379F893662E6}"
EndProject
Project("{9A19103F-16F7-4668-BE54-9A1E7A4F7556}") = "GD.Data", "GD.Data\GD.Data.csproj", "{A91DA277-B602-49AC-9E1D-F1D0494641EB}"
EndProject
Global
	GlobalSection(SolutionConfigurationPlatforms) = preSolution
		Debug|Any CPU = Debug|Any CPU
		Release|Any CPU = Release|Any CPU
	EndGlobalSection
	GlobalSection(ProjectConfigurationPlatforms) = postSolution
		{C759AD54-3576-44B9-A0AB-1CA2ADFFE435}.Debug|Any CPU.ActiveCfg = Debug|Any CPU
		{C759AD54-3576-44B9-A0AB-1CA2ADFFE435}.Debug|Any CPU.Build.0 = Debug|Any CPU
		{C759AD54-3576-44B9-A0AB-1CA2ADFFE435}.Release|Any CPU.ActiveCfg = Release|Any CPU
		{C759AD54-3576-44B9-A0AB-1CA2ADFFE435}.Release|Any CPU.Build.0 = Release|Any CPU
		{391940AA-71A3-45DB-BD91-2088646CE896}.Debug|Any CPU.ActiveCfg = Debug|Any CPU
		{391940AA-71A3-45DB-BD91-2088646CE896}.Debug|Any CPU.Build.0 = Debug|Any CPU
		{391940AA-71A3-45DB-BD91-2088646CE896}.Release|Any CPU.ActiveCfg = Release|Any CPU
		{391940AA-71A3-45DB-BD91-2088646CE896}.Release|Any CPU.Build.0 = Release|Any CPU
		{DF9F5F2A-3511-4375-81C0-4C82DC8B82EB}.Debug|Any CPU.ActiveCfg = Debug|Any CPU
		{DF9F5F2A-3511-4375-81C0-4C82DC8B82EB}.Debug|Any CPU.Build.0 = Debug|Any CPU
		{DF9F5F2A-3511-4375-81C0-4C82DC8B82EB}.Release|Any CPU.ActiveCfg = Release|Any CPU
		{DF9F5F2A-3511-4375-81C0-4C82DC8B82EB}.Release|Any CPU.Build.0 = Release|Any CPU
		{76C07B94-A323-4566-B931-379F893662E6}.Debug|Any CPU.ActiveCfg = Debug|Any CPU
		{76C07B94-A323-4566-B931-379F893662E6}.Debug|Any CPU.Build.0 = Debug|Any CPU
		{76C07B94-A323-4566-B931-379F893662E6}.Release|Any CPU.ActiveCfg = Release|Any CPU
		{76C07B94-A323-4566-B931-379F893662E6}.Release|Any CPU.Build.0 = Release|Any CPU
		{A91DA277-B602-49AC-9E1D-F1D0494641EB}.Debug|Any CPU.ActiveCfg = Debug|Any CPU
		{A91DA277-B602-49AC-9E1D-F1D0494641EB}.Debug|Any CPU.Build.0 = Debug|Any CPU
		{A91DA277-B602-49AC-9E1D-F1D0494641EB}.Release|Any CPU.ActiveCfg = Release|Any CPU
		{A91DA277-B602-49AC-9E1D-F1D0494641EB}.Release|Any CPU.Build.0 = Release|Any CPU
	EndGlobalSection
	GlobalSection(SolutionProperties) = preSolution
		HideSolutionNode = FALSE
	EndGlobalSection
	GlobalSection(ExtensibilityGlobals) = postSolution
		SolutionGuid = {53583865-AF01-411F-8C4F-202EFF15CF54}
	EndGlobalSection
EndGlobal
